
Microsoft Visual Studio Solution File, Format Version 12.00
# Visual Studio Version 16
VisualStudioVersion = 16.0.31129.286
MinimumVisualStudioVersion = 10.0.40219.1
Project("{FAE04EC0-301F-11D3-BF4B-00C04F79EFBC}") = "trygit4", "trygit4\trygit4.csproj", "{08815A70-3B25-4DC4-8769-8C746B66C1AA}"
EndProject
Global
	GlobalSection(SolutionConfigurationPlatforms) = preSolution
		Debug|Any CPU = Debug|Any CPU
		Release|Any CPU = Release|Any CPU
	EndGlobalSection
	GlobalSection(ProjectConfigurationPlatforms) = postSolution
		{08815A70-3B25-4DC4-8769-8C746B66C1AA}.Debug|Any CPU.ActiveCfg = Debug|Any CPU
		{08815A70-3B25-4DC4-8769-8C746B66C1AA}.Debug|Any CPU.Build.0 = Debug|Any CPU
		{08815A70-3B25-4DC4-8769-8C746B66C1AA}.Release|Any CPU.ActiveCfg = Release|Any CPU
		{08815A70-3B25-4DC4-8769-8C746B66C1AA}.Release|Any CPU.Build.0 = Release|Any CPU
	EndGlobalSection
	GlobalSection(SolutionProperties) = preSolution
		HideSolutionNode = FALSE
	EndGlobalSection
	GlobalSection(ExtensibilityGlobals) = postSolution
		SolutionGuid = {18F4219B-8588-4BB6-A1B5-2973417FD447}
	EndGlobalSection
EndGlobal
